
Microsoft Visual Studio Solution File, Format Version 12.00
# Visual Studio Version 17
VisualStudioVersion = 17.14.36301.6 d17.14
MinimumVisualStudioVersion = 10.0.40219.1
Project("{FAE04EC0-301F-11D3-BF4B-00C04F79EFBC}") = "GenPass", "GenPass\GenPass.csproj", "{EC7F8AAB-3701-4FB1-9047-48B320E77AA3}"
EndProject
Global
	GlobalSection(SolutionConfigurationPlatforms) = preSolution
		Debug|Any CPU = Debug|Any CPU
		Release|Any CPU = Release|Any CPU
	EndGlobalSection
	GlobalSection(ProjectConfigurationPlatforms) = postSolution
		{EC7F8AAB-3701-4FB1-9047-48B320E77AA3}.Debug|Any CPU.ActiveCfg = Debug|Any CPU
		{EC7F8AAB-3701-4FB1-9047-48B320E77AA3}.Debug|Any CPU.Build.0 = Debug|Any CPU
		{EC7F8AAB-3701-4FB1-9047-48B320E77AA3}.Release|Any CPU.ActiveCfg = Release|Any CPU
		{EC7F8AAB-3701-4FB1-9047-48B320E77AA3}.Release|Any CPU.Build.0 = Release|Any CPU
	EndGlobalSection
	GlobalSection(SolutionProperties) = preSolution
		HideSolutionNode = FALSE
	EndGlobalSection
	GlobalSection(ExtensibilityGlobals) = postSolution
		SolutionGuid = {6EAFC6B2-4127-4829-B164-BD4AAD488C44}
	EndGlobalSection
EndGlobal
